// !$*UTF8*$!
{
	archiveVersion = 1;
	classes = {
	};
	objectVersion = 46;
	objects = {

/* Begin PBXBuildFile section */
		E3469B581F2DDB5D00E93338 /* AppDelegate.swift in Sources */ = {isa = PBXBuildFile; fileRef = E3469B571F2DDB5D00E93338 /* AppDelegate.swift */; };
		E3469B5A1F2DDB5D00E93338 /* ViewController.swift in Sources */ = {isa = PBXBuildFile; fileRef = E3469B591F2DDB5D00E93338 /* ViewController.swift */; };
		E3469B5D1F2DDB5D00E93338 /* Main.storyboard in Resources */ = {isa = PBXBuildFile; fileRef = E3469B5B1F2DDB5D00E93338 /* Main.storyboard */; };
		E3469B5F1F2DDB5D00E93338 /* Assets.xcassets in Resources */ = {isa = PBXBuildFile; fileRef = E3469B5E1F2DDB5D00E93338 /* Assets.xcassets */; };
		E3469B621F2DDB5D00E93338 /* LaunchScreen.storyboard in Resources */ = {isa = PBXBuildFile; fileRef = E3469B601F2DDB5D00E93338 /* LaunchScreen.storyboard */; };
		E3469B6A1F2DE1B800E93338 /* ResultViewController.swift in Sources */ = {isa = PBXBuildFile; fileRef = E3469B691F2DE1B800E93338 /* ResultViewController.swift */; };
/* End PBXBuildFile section */

/* Begin PBXFileReference section */
		E3469B541F2DDB5D00E93338 /* SlideshowApp.app */ = {isa = PBXFileReference; explicitFileType = wrapper.application; includeInIndex = 0; path = SlideshowApp.app; sourceTree = BUILT_PRODUCTS_DIR; };
		E3469B571F2DDB5D00E93338 /* AppDelegate.swift */ = {isa = PBXFileReference; lastKnownFileType = sourcecode.swift; path = AppDelegate.swift; sourceTree = "<group>"; };
		E3469B591F2DDB5D00E93338 /* ViewController.swift */ = {isa = PBXFileReference; lastKnownFileType = sourcecode.swift; path = ViewController.swift; sourceTree = "<group>"; };
		E3469B5C1F2DDB5D00E93338 /* Base */ = {isa = PBXFileReference; lastKnownFileType = file.storyboard; name = Base; path = Base.lproj/Main.storyboard; sourceTree = "<group>"; };
		E3469B5E1F2DDB5D00E93338 /* Assets.xcassets */ = {isa = PBXFileReference; lastKnownFileType = folder.assetcatalog; path = Assets.xcassets; sourceTree = "<group>"; };
		E3469B611F2DDB5D00E93338 /* Base */ = {isa = PBXFileReference; lastKnownFileType = file.storyboard; name = Base; path = Base.lproj/LaunchScreen.storyboard; sourceTree = "<group>"; };
		E3469B631F2DDB5D00E93338 /* Info.plist */ = {isa = PBXFileReference; lastKnownFileType = text.plist.xml; path = Info.plist; sourceTree = "<group>"; };
		E3469B691F2DE1B800E93338 /* ResultViewController.swift */ = {isa = PBXFileReference; fileEncoding = 4; lastKnownFileType = sourcecode.swift; path = ResultViewController.swift; sourceTree = "<group>"; };
/* End PBXFileReference section */

/* Begin PBXFrameworksBuildPhase section */
		E3469B511F2DDB5D00E93338 /* Frameworks */ = {
			isa = PBXFrameworksBuildPhase;
			buildActionMask = 2147483647;
			files = (
			);
			runOnlyForDeploymentPostprocessing = 0;
		};
/* End PBXFrameworksBuildPhase section */

/* Begin PBXGroup section */
		E3469B4B1F2DDB5D00E93338 = {
			isa = PBXGroup;
			children = (
				E3469B561F2DDB5D00E93338 /* SlideshowApp */,
				E3469B551F2DDB5D00E93338 /* Products */,
			);
			sourceTree = "<group>";
		};
		E3469B551F2DDB5D00E93338 /* Products */ = {
			isa = PBXGroup;
			children = (
				E3469B541F2DDB5D00E93338 /* SlideshowApp.app */,
			);
			name = Products;
			sourceTree = "<group>";
		};
		E3469B561F2DDB5D00E93338 /* SlideshowApp */ = {
			isa = PBXGroup;
			children = (
				E3469B571F2DDB5D00E93338 /* AppDelegate.swift */,
				E3469B591F2DDB5D00E93338 /* ViewController.swift */,
				E3469B5B1F2DDB5D00E93338 /* Main.storyboard */,
				E3469B5E1F2DDB5D00E93338 /* Assets.xcassets */,
				E3469B691F2DE1B800E93338 /* ResultViewController.swift */,
				E3469B601F2DDB5D00E93338 /* LaunchScreen.storyboard */,
				E3469B631F2DDB5D00E93338 /* Info.plist */,
			);
			path = SlideshowApp;
			sourceTree = "<group>";
		};
/* End PBXGroup section */

/* Begin PBXNativeTarget section */
		E3469B531F2DDB5D00E93338 /* SlideshowApp */ = {
			isa = PBXNativeTarget;
			buildConfigurationList = E3469B661F2DDB5D00E93338 /* Build configuration list for PBXNativeTarget "SlideshowApp" */;
			buildPhases = (
				E3469B501F2DDB5D00E93338 /* Sources */,
				E3469B511F2DDB5D00E93338 /* Frameworks */,
				E3469B521F2DDB5D00E93338 /* Resources */,
			);
			buildRules = (
			);
			dependencies = (
			);
			name = SlideshowApp;
			productName = SlideshowApp;
			productReference = E3469B541F2DDB5D00E93338 /* SlideshowApp.app */;
			productType = "com.apple.product-type.application";
		};
/* End PBXNativeTarget section */

/* Begin PBXProject section */
		E3469B4C1F2DDB5D00E93338 /* Project object */ = {
			isa = PBXProject;
			attributes = {
				LastSwiftUpdateCheck = 0830;
				LastUpgradeCheck = 0830;
				ORGANIZATIONNAME = ta7cy;
				TargetAttributes = {
					E3469B531F2DDB5D00E93338 = {
						CreatedOnToolsVersion = 8.3.3;
						DevelopmentTeam = P8GLS9RDW8;
						ProvisioningStyle = Automatic;
					};
				};
			};
			buildConfigurationList = E3469B4F1F2DDB5D00E93338 /* Build configuration list for PBXProject "SlideshowApp" */;
			compatibilityVersion = "Xcode 3.2";
			developmentRegion = English;
			hasScannedForEncodings = 0;
			knownRegions = (
				en,
				Base,
			);
			mainGroup = E3469B4B1F2DDB5D00E93338;
			productRefGroup = E3469B551F2DDB5D00E93338 /* Products */;
			projectDirPath = "";
			projectRoot = "";
			targets = (
				E3469B531F2DDB5D00E93338 /* SlideshowApp */,
			);
		};
/* End PBXProject section */

/* Begin PBXResourcesBuildPhase section */
		E3469B521F2DDB5D00E93338 /* Resources */ = {
			isa = PBXResourcesBuildPhase;
			buildActionMask = 2147483647;
			files = (
				E3469B621F2DDB5D00E93338 /* LaunchScreen.storyboard in Resources */,
				E3469B5F1F2DDB5D00E93338 /* Assets.xcassets in Resources */,
				E3469B5D1F2DDB5D00E93338 /* Main.storyboard in Resources */,
			);
			runOnlyForDeploymentPostprocessing = 0;
		};
/* End PBXResourcesBuildPhase section */

/* Begin PBXSourcesBuildPhase section */
		E3469B501F2DDB5D00E93338 /* Sources */ = {
			isa = PBXSourcesBuildPhase;
			buildActionMask = 2147483647;
			files = (
				E3469B5A1F2DDB5D00E93338 /* ViewController.swift in Sources */,
				E3469B581F2DDB5D00E93338 /* AppDelegate.swift in Sources */,
				E3469B6A1F2DE1B800E93338 /* ResultViewController.swift in Sources */,
			);
			runOnlyForDeploymentPostprocessing = 0;
		};
/* End PBXSourcesBuildPhase section */

/* Begin PBXVariantGroup section */
		E3469B5B1F2DDB5D00E93338 /* Main.storyboard */ = {
			isa = PBXVariantGroup;
			children = (
				E3469B5C1F2DDB5D00E93338 /* Base */,
			);
			name = Main.storyboard;
			sourceTree = "<group>";
		};
		E3469B601F2DDB5D00E93338 /* LaunchScreen.storyboard */ = {
			isa = PBXVariantGroup;
			children = (
				E3469B611F2DDB5D00E93338 /* Base */,
			);
			name = LaunchScreen.storyboard;
			sourceTree = "<group>";
		};
/* End PBXVariantGroup section */

/* Begin XCBuildConfiguration section */
		E3469B641F2DDB5D00E93338 /* Debug */ = {
			isa = XCBuildConfiguration;
			buildSettings = {
				ALWAYS_SEARCH_USER_PATHS = NO;
				CLANG_ANALYZER_NONNULL = YES;
				CLANG_ANALYZER_NUMBER_OBJECT_CONVERSION = YES_AGGRESSIVE;
				CLANG_CXX_LANGUAGE_STANDARD = "gnu++0x";
				CLANG_CXX_LIBRARY = "libc++";
				CLANG_ENABLE_MODULES = YES;
				CLANG_ENABLE_OBJC_ARC = YES;
				CLANG_WARN_BOOL_CONVERSION = YES;
				CLANG_WARN_CONSTANT_CONVERSION = YES;
				CLANG_WARN_DIRECT_OBJC_ISA_USAGE = YES_ERROR;
				CLANG_WARN_DOCUMENTATION_COMMENTS = YES;
				CLANG_WARN_EMPTY_BODY = YES;
				CLANG_WARN_ENUM_CONVERSION = YES;
				CLANG_WARN_INFINITE_RECURSION = YES;
				CLANG_WARN_INT_CONVERSION = YES;
				CLANG_WARN_OBJC_ROOT_CLASS = YES_ERROR;
				CLANG_WARN_SUSPICIOUS_MOVE = YES;
				CLANG_WARN_UNREACHABLE_CODE = YES;
				CLANG_WARN__DUPLICATE_METHOD_MATCH = YES;
				"CODE_SIGN_IDENTITY[sdk=iphoneos*]" = "iPhone Developer";
				COPY_PHASE_STRIP = NO;
				DEBUG_INFORMATION_FORMAT = dwarf;
				ENABLE_STRICT_OBJC_MSGSEND = YES;
				ENABLE_TESTABILITY = YES;
				GCC_C_LANGUAGE_STANDARD = gnu99;
				GCC_DYNAMIC_NO_PIC = NO;
				GCC_NO_COMMON_BLOCKS = YES;
				GCC_OPTIMIZATION_LEVEL = 0;
				GCC_PREPROCESSOR_DEFINITIONS = (
					"DEBUG=1",
					"$(inherited)",
				);
				GCC_WARN_64_TO_32_BIT_CONVERSION = YES;
				GCC_WARN_ABOUT_RETURN_TYPE = YES_ERROR;
				GCC_WARN_UNDECLARED_SELECTOR = YES;
				GCC_WARN_UNINITIALIZED_AUTOS = YES_AGGRESSIVE;
				GCC_WARN_UNUSED_FUNCTION = YES;
				GCC_WARN_UNUSED_VARIABLE = YES;
				IPHONEOS_DEPLOYMENT_TARGET = 10.3;
				MTL_ENABLE_DEBUG_INFO = YES;
				ONLY_ACTIVE_ARCH = YES;
				SDKROOT = iphoneos;
				SWIFT_ACTIVE_COMPILATION_CONDITIONS = DEBUG;
				SWIFT_OPTIMIZATION_LEVEL = "-Onone";
			};
			name = Debug;
		};
		E3469B651F2DDB5D00E93338 /* Release */ = {
			isa = XCBuildConfiguration;
			buildSettings = {
				ALWAYS_SEARCH_USER_PATHS = NO;
				CLANG_ANALYZER_NONNULL = YES;
				CLANG_ANALYZER_NUMBER_OBJECT_CONVERSION = YES_AGGRESSIVE;
				CLANG_CXX_LANGUAGE_STANDARD = "gnu++0x";
				CLANG_CXX_LIBRARY = "libc++";
				CLANG_ENABLE_MODULES = YES;
				CLANG_ENABLE_OBJC_ARC = YES;
				CLANG_WARN_BOOL_CONVERSION = YES;
				CLANG_WARN_CONSTANT_CONVERSION = YES;
				CLANG_WARN_DIRECT_OBJC_ISA_USAGE = YES_ERROR;
				CLANG_WARN_DOCUMENTATION_COMMENTS = YES;
				CLANG_WARN_EMPTY_BODY = YES;
				CLANG_WARN_ENUM_CONVERSION = YES;
				CLANG_WARN_INFINITE_RECURSION = YES;
				CLANG_WARN_INT_CONVERSION = YES;
				CLANG_WARN_OBJC_ROOT_CLASS = YES_ERROR;
				CLANG_WARN_SUSPICIOUS_MOVE = YES;
				CLANG_WARN_UNREACHABLE_CODE = YES;
				CLANG_WARN__DUPLICATE_METHOD_MATCH = YES;
				"CODE_SIGN_IDENTITY[sdk=iphoneos*]" = "iPhone Developer";
				COPY_PHASE_STRIP = NO;
				DEBUG_INFORMATION_FORMAT = "dwarf-with-dsym";
				ENABLE_NS_ASSERTIONS = NO;
				ENABLE_STRICT_OBJC_MSGSEND = YES;
				GCC_C_LANGUAGE_STANDARD = gnu99;
				GCC_NO_COMMON_BLOCKS = YES;
				GCC_WARN_64_TO_32_BIT_CONVERSION = YES;
				GCC_WARN_ABOUT_RETURN_TYPE = YES_ERROR;
				GCC_WARN_UNDECLARED_SELECTOR = YES;
				GCC_WARN_UNINITIALIZED_AUTOS = YES_AGGRESSIVE;
				GCC_WARN_UNUSED_FUNCTION = YES;
				GCC_WARN_UNUSED_VARIABLE = YES;
				IPHONEOS_DEPLOYMENT_TARGET = 10.3;
				MTL_ENABLE_DEBUG_INFO = NO;
				SDKROOT = iphoneos;
				SWIFT_OPTIMIZATION_LEVEL = "-Owholemodule";
				VALIDATE_PRODUCT = YES;
			};
			name = Release;
		};
		E3469B671F2DDB5D00E93338 /* Debug */ = {
			isa = XCBuildConfiguration;
			buildSettings = {
				ASSETCATALOG_COMPILER_APPICON_NAME = AppIcon;
				DEVELOPMENT_TEAM = P8GLS9RDW8;
				INFOPLIST_FILE = SlideshowApp/Info.plist;
				LD_RUNPATH_SEARCH_PATHS = "$(inherited) @executable_path/Frameworks";
				PRODUCT_BUNDLE_IDENTIFIER = jp.techacademy.ta7cy.SlideshowApp;
				PRODUCT_NAME = "$(TARGET_NAME)";
				SWIFT_VERSION = 3.0;
			};
			name = Debug;
		};
		E3469B681F2DDB5D00E93338 /* Release */ = {
			isa = XCBuildConfiguration;
			buildSettings = {
				ASSETCATALOG_COMPILER_APPICON_NAME = AppIcon;
				DEVELOPMENT_TEAM = P8GLS9RDW8;
				INFOPLIST_FILE = SlideshowApp/Info.plist;
				LD_RUNPATH_SEARCH_PATHS = "$(inherited) @executable_path/Frameworks";
				PRODUCT_BUNDLE_IDENTIFIER = jp.techacademy.ta7cy.SlideshowApp;
				PRODUCT_NAME = "$(TARGET_NAME)";
				SWIFT_VERSION = 3.0;
			};
			name = Release;
		};
/* End XCBuildConfiguration section */

/* Begin XCConfigurationList section */
		E3469B4F1F2DDB5D00E93338 /* Build configuration list for PBXProject "SlideshowApp" */ = {
			isa = XCConfigurationList;
			buildConfigurations = (
				E3469B641F2DDB5D00E93338 /* Debug */,
				E3469B651F2DDB5D00E93338 /* Release */,
			);
			defaultConfigurationIsVisible = 0;
			defaultConfigurationName = Release;
		};
		E3469B661F2DDB5D00E93338 /* Build configuration list for PBXNativeTarget "SlideshowApp" */ = {
			isa = XCConfigurationList;
			buildConfigurations = (
				E3469B671F2DDB5D00E93338 /* Debug */,
				E3469B681F2DDB5D00E93338 /* Release */,
			);
			defaultConfigurationIsVisible = 0;
		};
/* End XCConfigurationList section */
	};
	rootObject = E3469B4C1F2DDB5D00E93338 /* Project object */;
}
